
Microsoft Visual Studio Solution File, Format Version 12.00
# Visual Studio Version 16
VisualStudioVersion = 16.0.30413.136
MinimumVisualStudioVersion = 10.0.40219.1
Project("{FAE04EC0-301F-11D3-BF4B-00C04F79EFBC}") = "SeleniumFirst", "SeleniumFirst\SeleniumFirst.csproj", "{1EEDDF4B-2B11-4E18-8CF6-472F7331BCE6}"
EndProject
Global
	GlobalSection(SolutionConfigurationPlatforms) = preSolution
		Debug|Any CPU = Debug|Any CPU
		Release|Any CPU = Release|Any CPU
	EndGlobalSection
	GlobalSection(ProjectConfigurationPlatforms) = postSolution
		{1EEDDF4B-2B11-4E18-8CF6-472F7331BCE6}.Debug|Any CPU.ActiveCfg = Debug|Any CPU
		{1EEDDF4B-2B11-4E18-8CF6-472F7331BCE6}.Debug|Any CPU.Build.0 = Debug|Any CPU
		{1EEDDF4B-2B11-4E18-8CF6-472F7331BCE6}.Release|Any CPU.ActiveCfg = Release|Any CPU
		{1EEDDF4B-2B11-4E18-8CF6-472F7331BCE6}.Release|Any CPU.Build.0 = Release|Any CPU
	EndGlobalSection
	GlobalSection(SolutionProperties) = preSolution
		HideSolutionNode = FALSE
	EndGlobalSection
	GlobalSection(ExtensibilityGlobals) = postSolution
		SolutionGuid = {971F8367-7625-4AC1-894D-9EB347AF0321}
	EndGlobalSection
EndGlobal
